
Microsoft Visual Studio Solution File, Format Version 12.00
# Visual Studio Version 17
VisualStudioVersion = 17.5.002.0
MinimumVisualStudioVersion = 10.0.40219.1
Project("{9A19103F-16F7-4668-BE54-9A1E7A4F7556}") = "HelloWorld", "HelloWorld\HelloWorld.csproj", "{6C3AB0A0-4A2E-458A-B495-FAC1D296B08E}"
EndProject
Global
	GlobalSection(SolutionConfigurationPlatforms) = preSolution
		Debug|Any CPU = Debug|Any CPU
		Release|Any CPU = Release|Any CPU
	EndGlobalSection
	GlobalSection(ProjectConfigurationPlatforms) = postSolution
		{6C3AB0A0-4A2E-458A-B495-FAC1D296B08E}.Debug|Any CPU.ActiveCfg = Debug|Any CPU
		{6C3AB0A0-4A2E-458A-B495-FAC1D296B08E}.Debug|Any CPU.Build.0 = Debug|Any CPU
		{6C3AB0A0-4A2E-458A-B495-FAC1D296B08E}.Release|Any CPU.ActiveCfg = Release|Any CPU
		{6C3AB0A0-4A2E-458A-B495-FAC1D296B08E}.Release|Any CPU.Build.0 = Release|Any CPU
	EndGlobalSection
	GlobalSection(SolutionProperties) = preSolution
		HideSolutionNode = FALSE
	EndGlobalSection
	GlobalSection(ExtensibilityGlobals) = postSolution
		SolutionGuid = {F34DCFD1-45AD-4CB5-893A-5541BBE7F848}
	EndGlobalSection
EndGlobal
